<Solution>
  <Project Path="Nekuzaky.Vicinity.csproj" />
  <Project Path="Nekuzaky.Vicinity.Tests.csproj" />
  <Project Path="Nekuzaky.Vicinity.Editor.csproj" />
  <Project Path="Nekuzaky.Vicinity.Editor.Tests.csproj" />
  <Project Path="Assembly-CSharp.csproj" />
  <Project Path="Nekuzaky.Vicinity.Addressables.csproj" />
  <Project Path="Nekuzaky.Vicinity.Editor.Addressables.csproj" />
  <Project Path="Assembly-CSharp-Editor.csproj" />
</Solution>
